
Microsoft Visual Studio Solution File, Format Version 12.00
# Visual Studio 15
VisualStudioVersion = 15.0.26228.9
MinimumVisualStudioVersion = 10.0.40219.1
Project("{FAE04EC0-301F-11D3-BF4B-00C04F79EFBC}") = "Notification_PI", "Notification_PI\Notification_PI.csproj", "{4085655B-1B71-44B9-BD96-2EA8246B875F}"
	ProjectSection(ProjectDependencies) = postProject
		{AF55CDC1-3DE7-4B94-8915-3EDFFE06F2B4} = {AF55CDC1-3DE7-4B94-8915-3EDFFE06F2B4}
		{2241D8CB-641B-4654-81D1-BE4896EFE708} = {2241D8CB-641B-4654-81D1-BE4896EFE708}
	EndProjectSection
EndProject
Project("{FAE04EC0-301F-11D3-BF4B-00C04F79EFBC}") = "HtmlParser", "HtmlParser\HtmlParser.csproj", "{E4D0300E-5B67-4CDA-B669-369D6E76C581}"
EndProject
Project("{FAE04EC0-301F-11D3-BF4B-00C04F79EFBC}") = "Models", "Models\Models.csproj", "{41F9A5AF-DF85-44BA-BA13-FF3DA2B82380}"
EndProject
Project("{FAE04EC0-301F-11D3-BF4B-00C04F79EFBC}") = "D.Net.EmailClient", "D.Net.EmailClient\D.Net.EmailClient.csproj", "{AF55CDC1-3DE7-4B94-8915-3EDFFE06F2B4}"
EndProject
Project("{FAE04EC0-301F-11D3-BF4B-00C04F79EFBC}") = "D.Net.EmailInterfaces", "D.Net.EmailInterfaces\D.Net.EmailInterfaces.csproj", "{2241D8CB-641B-4654-81D1-BE4896EFE708}"
EndProject
Project("{FAE04EC0-301F-11D3-BF4B-00C04F79EFBC}") = "Net", "Net\Net.csproj", "{7AB36CCF-5FFD-4780-A54E-A102ECA028B5}"
EndProject
Global
	GlobalSection(SolutionConfigurationPlatforms) = preSolution
		Debug|Any CPU = Debug|Any CPU
		Release|Any CPU = Release|Any CPU
	EndGlobalSection
	GlobalSection(ProjectConfigurationPlatforms) = postSolution
		{4085655B-1B71-44B9-BD96-2EA8246B875F}.Debug|Any CPU.ActiveCfg = Debug|Any CPU
		{4085655B-1B71-44B9-BD96-2EA8246B875F}.Debug|Any CPU.Build.0 = Debug|Any CPU
		{4085655B-1B71-44B9-BD96-2EA8246B875F}.Release|Any CPU.ActiveCfg = Release|Any CPU
		{4085655B-1B71-44B9-BD96-2EA8246B875F}.Release|Any CPU.Build.0 = Release|Any CPU
		{E4D0300E-5B67-4CDA-B669-369D6E76C581}.Debug|Any CPU.ActiveCfg = Debug|Any CPU
		{E4D0300E-5B67-4CDA-B669-369D6E76C581}.Debug|Any CPU.Build.0 = Debug|Any CPU
		{E4D0300E-5B67-4CDA-B669-369D6E76C581}.Release|Any CPU.ActiveCfg = Release|Any CPU
		{E4D0300E-5B67-4CDA-B669-369D6E76C581}.Release|Any CPU.Build.0 = Release|Any CPU
		{41F9A5AF-DF85-44BA-BA13-FF3DA2B82380}.Debug|Any CPU.ActiveCfg = Debug|Any CPU
		{41F9A5AF-DF85-44BA-BA13-FF3DA2B82380}.Debug|Any CPU.Build.0 = Debug|Any CPU
		{41F9A5AF-DF85-44BA-BA13-FF3DA2B82380}.Release|Any CPU.ActiveCfg = Release|Any CPU
		{41F9A5AF-DF85-44BA-BA13-FF3DA2B82380}.Release|Any CPU.Build.0 = Release|Any CPU
		{AF55CDC1-3DE7-4B94-8915-3EDFFE06F2B4}.Debug|Any CPU.ActiveCfg = Debug|Any CPU
		{AF55CDC1-3DE7-4B94-8915-3EDFFE06F2B4}.Debug|Any CPU.Build.0 = Debug|Any CPU
		{AF55CDC1-3DE7-4B94-8915-3EDFFE06F2B4}.Release|Any CPU.ActiveCfg = Release|Any CPU
		{AF55CDC1-3DE7-4B94-8915-3EDFFE06F2B4}.Release|Any CPU.Build.0 = Release|Any CPU
		{2241D8CB-641B-4654-81D1-BE4896EFE708}.Debug|Any CPU.ActiveCfg = Debug|Any CPU
		{2241D8CB-641B-4654-81D1-BE4896EFE708}.Debug|Any CPU.Build.0 = Debug|Any CPU
		{2241D8CB-641B-4654-81D1-BE4896EFE708}.Release|Any CPU.ActiveCfg = Release|Any CPU
		{2241D8CB-641B-4654-81D1-BE4896EFE708}.Release|Any CPU.Build.0 = Release|Any CPU
		{7AB36CCF-5FFD-4780-A54E-A102ECA028B5}.Debug|Any CPU.ActiveCfg = Debug|Any CPU
		{7AB36CCF-5FFD-4780-A54E-A102ECA028B5}.Debug|Any CPU.Build.0 = Debug|Any CPU
		{7AB36CCF-5FFD-4780-A54E-A102ECA028B5}.Release|Any CPU.ActiveCfg = Release|Any CPU
		{7AB36CCF-5FFD-4780-A54E-A102ECA028B5}.Release|Any CPU.Build.0 = Release|Any CPU
	EndGlobalSection
	GlobalSection(SolutionProperties) = preSolution
		HideSolutionNode = FALSE
	EndGlobalSection
EndGlobal
